
Microsoft Visual Studio Solution File, Format Version 12.00
# Visual Studio Version 17
VisualStudioVersion = 17.4.33213.308
MinimumVisualStudioVersion = 10.0.40219.1
Project("{FAE04EC0-301F-11D3-BF4B-00C04F79EFBC}") = "PublisherCon", "Publisher\PublisherCon.csproj", "{69A7C4C2-7B74-4751-9CC9-F40AA4AACEB1}"
EndProject
Project("{FAE04EC0-301F-11D3-BF4B-00C04F79EFBC}") = "PublisherDomain", "PublisherDomain\PublisherDomain.csproj", "{ABCA16B7-9DC1-4834-9958-DEB2585C8598}"
EndProject
Project("{FAE04EC0-301F-11D3-BF4B-00C04F79EFBC}") = "PublisherData", "PublisherData\PublisherData.csproj", "{1B68C3D3-02FE-4DE5-AAC4-D009E60064C4}"
EndProject
Global
	GlobalSection(SolutionConfigurationPlatforms) = preSolution
		Debug|Any CPU = Debug|Any CPU
		Release|Any CPU = Release|Any CPU
	EndGlobalSection
	GlobalSection(ProjectConfigurationPlatforms) = postSolution
		{69A7C4C2-7B74-4751-9CC9-F40AA4AACEB1}.Debug|Any CPU.ActiveCfg = Debug|Any CPU
		{69A7C4C2-7B74-4751-9CC9-F40AA4AACEB1}.Debug|Any CPU.Build.0 = Debug|Any CPU
		{69A7C4C2-7B74-4751-9CC9-F40AA4AACEB1}.Release|Any CPU.ActiveCfg = Release|Any CPU
		{69A7C4C2-7B74-4751-9CC9-F40AA4AACEB1}.Release|Any CPU.Build.0 = Release|Any CPU
		{ABCA16B7-9DC1-4834-9958-DEB2585C8598}.Debug|Any CPU.ActiveCfg = Debug|Any CPU
		{ABCA16B7-9DC1-4834-9958-DEB2585C8598}.Debug|Any CPU.Build.0 = Debug|Any CPU
		{ABCA16B7-9DC1-4834-9958-DEB2585C8598}.Release|Any CPU.ActiveCfg = Release|Any CPU
		{ABCA16B7-9DC1-4834-9958-DEB2585C8598}.Release|Any CPU.Build.0 = Release|Any CPU
		{1B68C3D3-02FE-4DE5-AAC4-D009E60064C4}.Debug|Any CPU.ActiveCfg = Debug|Any CPU
		{1B68C3D3-02FE-4DE5-AAC4-D009E60064C4}.Debug|Any CPU.Build.0 = Debug|Any CPU
		{1B68C3D3-02FE-4DE5-AAC4-D009E60064C4}.Release|Any CPU.ActiveCfg = Release|Any CPU
		{1B68C3D3-02FE-4DE5-AAC4-D009E60064C4}.Release|Any CPU.Build.0 = Release|Any CPU
	EndGlobalSection
	GlobalSection(SolutionProperties) = preSolution
		HideSolutionNode = FALSE
	EndGlobalSection
	GlobalSection(ExtensibilityGlobals) = postSolution
		SolutionGuid = {134D7E90-B38F-4526-B6C6-436AD5B5E778}
	EndGlobalSection
EndGlobal
